
Microsoft Visual Studio Solution File, Format Version 12.00
# Visual Studio 15
VisualStudioVersion = 15.0.26114.2
MinimumVisualStudioVersion = 10.0.40219.1
Project("{FAE04EC0-301F-11D3-BF4B-00C04F79EFBC}") = "ParcelLogistics.SKS.Package.Services.Interfaces", "src\Interfaces\ParcelLogistics.SKS.Package.Services.Interfaces.csproj", "{D4B61D7E-CBB6-4B97-8541-F3F616BDFD4B}"
EndProject
Project("{FAE04EC0-301F-11D3-BF4B-00C04F79EFBC}") = "ParcelLogistics.SKS.Package.Services.DTOs", "src\DTOs\ParcelLogistics.SKS.Package.Services.DTOs.csproj", "{42AF0A7F-5DF4-4234-AF7B-5A208DFF4300}"
EndProject
Project("{9A19103F-16F7-4668-BE54-9A1E7A4F7556}") = "ParcelLogistics.SKS.Package.Services", "src\Services\ParcelLogistics.SKS.Package.Services.csproj", "{D5008761-3B45-4E24-8419-564656B786E3}"
	ProjectSection(ProjectDependencies) = postProject
		{D4B61D7E-CBB6-4B97-8541-F3F616BDFD4B} = {D4B61D7E-CBB6-4B97-8541-F3F616BDFD4B}
		{42AF0A7F-5DF4-4234-AF7B-5A208DFF4300} = {42AF0A7F-5DF4-4234-AF7B-5A208DFF4300}
	EndProjectSection
EndProject
Project("{9A19103F-16F7-4668-BE54-9A1E7A4F7556}") = "ParcelLogisticsTests.SKS.Package.Tests", "ParcelLogisticsTests\ParcelLogisticsTests.SKS.Package.Tests.csproj", "{F4BAD0E2-A28A-4E46-8775-9061DE9F2AD2}"
EndProject
Project("{9A19103F-16F7-4668-BE54-9A1E7A4F7556}") = "ParcelLogistics.SKS.Package.BusinessLogic", "BusinessLogic\ParcelLogistics.SKS.Package.BusinessLogic.csproj", "{750D466F-C574-41FA-AD11-431CD4DE25CA}"
EndProject
Project("{9A19103F-16F7-4668-BE54-9A1E7A4F7556}") = "ParcelLogistics.SKS.Package.BusinessLogic.Entities", "BusinessLogic.Entities\ParcelLogistics.SKS.Package.BusinessLogic.Entities.csproj", "{B995D9A1-8A53-4F1C-ABED-35A5CE4B7394}"
EndProject
Project("{9A19103F-16F7-4668-BE54-9A1E7A4F7556}") = "ParcelLogistics.SKS.Package.BusinessLogic.Interfaces", "BusinessLogic.Interfaces\ParcelLogistics.SKS.Package.BusinessLogic.Interfaces.csproj", "{C797FFD2-AF21-4DA9-86DB-9B956F88C196}"
EndProject
Project("{9A19103F-16F7-4668-BE54-9A1E7A4F7556}") = "ParcelLogistics.SKS.Package.Services.Mapper", "Mapper\ParcelLogistics.SKS.Package.Services.Mapper.csproj", "{C9F8773C-5389-49DE-85C8-67B7F1F194B5}"
EndProject
Project("{9A19103F-16F7-4668-BE54-9A1E7A4F7556}") = "ParcelLogistics.SKS.Package.DataAccess.Sql", "DataAccess.Sql\ParcelLogistics.SKS.Package.DataAccess.Sql.csproj", "{9D55162D-842D-476C-B739-FD8432A7EC76}"
EndProject
Project("{9A19103F-16F7-4668-BE54-9A1E7A4F7556}") = "ParcelLogistics.SKS.Package.DataAccess.Interfaces", "DataAccess.Interfaces\ParcelLogistics.SKS.Package.DataAccess.Interfaces.csproj", "{BBBF8B25-CA08-4EA1-9603-A6D8CF0A754B}"
EndProject
Project("{9A19103F-16F7-4668-BE54-9A1E7A4F7556}") = "ParcelLogistics.SKS.Package.DataAccess.Entities", "DataAccess.Entities\ParcelLogistics.SKS.Package.DataAccess.Entities.csproj", "{F35A9424-C9C4-4A22-BA51-F069DFCE1869}"
EndProject
Project("{9A19103F-16F7-4668-BE54-9A1E7A4F7556}") = "ParcelLogistics.SKS.Package.ServiceAgents.Interfaces", "ParcelLogistics.SKS.Package.ServiceAgents.Interfaces\ParcelLogistics.SKS.Package.ServiceAgents.Interfaces.csproj", "{A67B5ABE-B862-4CFB-B123-7DE2F7AF5F16}"
EndProject
Project("{9A19103F-16F7-4668-BE54-9A1E7A4F7556}") = "ParcelLogistics.SKS.Package.ServiceAgents", "ParcelLogistics.SKS.Package.ServiceAgents\ParcelLogistics.SKS.Package.ServiceAgents.csproj", "{EC7BAC8A-7079-465D-9E48-244788021128}"
EndProject
Project("{9A19103F-16F7-4668-BE54-9A1E7A4F7556}") = "ParcelLogistics.SKS.Package.DataAccess.Tests", "ParcelLogistics.SKS.Package.DataAccess.Tests\ParcelLogistics.SKS.Package.DataAccess.Tests.csproj", "{71EE8D40-E48E-4F9E-B83F-1BAF49C255D2}"
EndProject
Project("{9A19103F-16F7-4668-BE54-9A1E7A4F7556}") = "ParcelLogistics.SKS.Package.BusinessLogic.Tests", "ParcelLogistics.SKS.Package.BusinessLogic.Tests\ParcelLogistics.SKS.Package.BusinessLogic.Tests.csproj", "{99868DF6-EAD1-4723-B6F2-47E3D116FFAC}"
EndProject
Project("{9A19103F-16F7-4668-BE54-9A1E7A4F7556}") = "ParcelLogistics.SKS.Package.DataAccess.Mock", "ParcelLogistics.SKS.Package.DataAccess.Mock\ParcelLogistics.SKS.Package.DataAccess.Mock.csproj", "{84EF2C56-0546-4518-9DCE-F7BC7BBEA1CF}"
EndProject
Project("{FAE04EC0-301F-11D3-BF4B-00C04F79EFBC}") = "ParcelLogistics.SKS.Package.IntegrationTests", "ParcelLogistics.SKS.Package.IntegrationTests\ParcelLogistics.SKS.Package.IntegrationTests.csproj", "{CB9CDD65-7732-4D00-A839-699204ECB7E3}"
EndProject
Global
	GlobalSection(SolutionConfigurationPlatforms) = preSolution
		Debug|Any CPU = Debug|Any CPU
		Release|Any CPU = Release|Any CPU
	EndGlobalSection
	GlobalSection(ProjectConfigurationPlatforms) = postSolution
		{D4B61D7E-CBB6-4B97-8541-F3F616BDFD4B}.Debug|Any CPU.ActiveCfg = Debug|Any CPU
		{D4B61D7E-CBB6-4B97-8541-F3F616BDFD4B}.Debug|Any CPU.Build.0 = Debug|Any CPU
		{D4B61D7E-CBB6-4B97-8541-F3F616BDFD4B}.Release|Any CPU.ActiveCfg = Debug|Any CPU
		{D4B61D7E-CBB6-4B97-8541-F3F616BDFD4B}.Release|Any CPU.Build.0 = Debug|Any CPU
		{42AF0A7F-5DF4-4234-AF7B-5A208DFF4300}.Debug|Any CPU.ActiveCfg = Debug|Any CPU
		{42AF0A7F-5DF4-4234-AF7B-5A208DFF4300}.Debug|Any CPU.Build.0 = Debug|Any CPU
		{42AF0A7F-5DF4-4234-AF7B-5A208DFF4300}.Release|Any CPU.ActiveCfg = Release|Any CPU
		{42AF0A7F-5DF4-4234-AF7B-5A208DFF4300}.Release|Any CPU.Build.0 = Release|Any CPU
		{D5008761-3B45-4E24-8419-564656B786E3}.Debug|Any CPU.ActiveCfg = Debug|Any CPU
		{D5008761-3B45-4E24-8419-564656B786E3}.Debug|Any CPU.Build.0 = Debug|Any CPU
		{D5008761-3B45-4E24-8419-564656B786E3}.Release|Any CPU.ActiveCfg = Release|Any CPU
		{D5008761-3B45-4E24-8419-564656B786E3}.Release|Any CPU.Build.0 = Release|Any CPU
		{F4BAD0E2-A28A-4E46-8775-9061DE9F2AD2}.Debug|Any CPU.ActiveCfg = Debug|Any CPU
		{F4BAD0E2-A28A-4E46-8775-9061DE9F2AD2}.Debug|Any CPU.Build.0 = Debug|Any CPU
		{F4BAD0E2-A28A-4E46-8775-9061DE9F2AD2}.Release|Any CPU.ActiveCfg = Release|Any CPU
		{F4BAD0E2-A28A-4E46-8775-9061DE9F2AD2}.Release|Any CPU.Build.0 = Release|Any CPU
		{750D466F-C574-41FA-AD11-431CD4DE25CA}.Debug|Any CPU.ActiveCfg = Debug|Any CPU
		{750D466F-C574-41FA-AD11-431CD4DE25CA}.Debug|Any CPU.Build.0 = Debug|Any CPU
		{750D466F-C574-41FA-AD11-431CD4DE25CA}.Release|Any CPU.ActiveCfg = Release|Any CPU
		{750D466F-C574-41FA-AD11-431CD4DE25CA}.Release|Any CPU.Build.0 = Release|Any CPU
		{B995D9A1-8A53-4F1C-ABED-35A5CE4B7394}.Debug|Any CPU.ActiveCfg = Debug|Any CPU
		{B995D9A1-8A53-4F1C-ABED-35A5CE4B7394}.Debug|Any CPU.Build.0 = Debug|Any CPU
		{B995D9A1-8A53-4F1C-ABED-35A5CE4B7394}.Release|Any CPU.ActiveCfg = Release|Any CPU
		{B995D9A1-8A53-4F1C-ABED-35A5CE4B7394}.Release|Any CPU.Build.0 = Release|Any CPU
		{C797FFD2-AF21-4DA9-86DB-9B956F88C196}.Debug|Any CPU.ActiveCfg = Debug|Any CPU
		{C797FFD2-AF21-4DA9-86DB-9B956F88C196}.Debug|Any CPU.Build.0 = Debug|Any CPU
		{C797FFD2-AF21-4DA9-86DB-9B956F88C196}.Release|Any CPU.ActiveCfg = Release|Any CPU
		{C797FFD2-AF21-4DA9-86DB-9B956F88C196}.Release|Any CPU.Build.0 = Release|Any CPU
		{C9F8773C-5389-49DE-85C8-67B7F1F194B5}.Debug|Any CPU.ActiveCfg = Debug|Any CPU
		{C9F8773C-5389-49DE-85C8-67B7F1F194B5}.Debug|Any CPU.Build.0 = Debug|Any CPU
		{C9F8773C-5389-49DE-85C8-67B7F1F194B5}.Release|Any CPU.ActiveCfg = Release|Any CPU
		{C9F8773C-5389-49DE-85C8-67B7F1F194B5}.Release|Any CPU.Build.0 = Release|Any CPU
		{9D55162D-842D-476C-B739-FD8432A7EC76}.Debug|Any CPU.ActiveCfg = Debug|Any CPU
		{9D55162D-842D-476C-B739-FD8432A7EC76}.Debug|Any CPU.Build.0 = Debug|Any CPU
		{9D55162D-842D-476C-B739-FD8432A7EC76}.Release|Any CPU.ActiveCfg = Release|Any CPU
		{9D55162D-842D-476C-B739-FD8432A7EC76}.Release|Any CPU.Build.0 = Release|Any CPU
		{BBBF8B25-CA08-4EA1-9603-A6D8CF0A754B}.Debug|Any CPU.ActiveCfg = Debug|Any CPU
		{BBBF8B25-CA08-4EA1-9603-A6D8CF0A754B}.Debug|Any CPU.Build.0 = Debug|Any CPU
		{BBBF8B25-CA08-4EA1-9603-A6D8CF0A754B}.Release|Any CPU.ActiveCfg = Release|Any CPU
		{BBBF8B25-CA08-4EA1-9603-A6D8CF0A754B}.Release|Any CPU.Build.0 = Release|Any CPU
		{F35A9424-C9C4-4A22-BA51-F069DFCE1869}.Debug|Any CPU.ActiveCfg = Debug|Any CPU
		{F35A9424-C9C4-4A22-BA51-F069DFCE1869}.Debug|Any CPU.Build.0 = Debug|Any CPU
		{F35A9424-C9C4-4A22-BA51-F069DFCE1869}.Release|Any CPU.ActiveCfg = Release|Any CPU
		{F35A9424-C9C4-4A22-BA51-F069DFCE1869}.Release|Any CPU.Build.0 = Release|Any CPU
		{A67B5ABE-B862-4CFB-B123-7DE2F7AF5F16}.Debug|Any CPU.ActiveCfg = Debug|Any CPU
		{A67B5ABE-B862-4CFB-B123-7DE2F7AF5F16}.Debug|Any CPU.Build.0 = Debug|Any CPU
		{A67B5ABE-B862-4CFB-B123-7DE2F7AF5F16}.Release|Any CPU.ActiveCfg = Release|Any CPU
		{A67B5ABE-B862-4CFB-B123-7DE2F7AF5F16}.Release|Any CPU.Build.0 = Release|Any CPU
		{EC7BAC8A-7079-465D-9E48-244788021128}.Debug|Any CPU.ActiveCfg = Debug|Any CPU
		{EC7BAC8A-7079-465D-9E48-244788021128}.Debug|Any CPU.Build.0 = Debug|Any CPU
		{EC7BAC8A-7079-465D-9E48-244788021128}.Release|Any CPU.ActiveCfg = Release|Any CPU
		{EC7BAC8A-7079-465D-9E48-244788021128}.Release|Any CPU.Build.0 = Release|Any CPU
		{71EE8D40-E48E-4F9E-B83F-1BAF49C255D2}.Debug|Any CPU.ActiveCfg = Debug|Any CPU
		{71EE8D40-E48E-4F9E-B83F-1BAF49C255D2}.Debug|Any CPU.Build.0 = Debug|Any CPU
		{71EE8D40-E48E-4F9E-B83F-1BAF49C255D2}.Release|Any CPU.ActiveCfg = Release|Any CPU
		{71EE8D40-E48E-4F9E-B83F-1BAF49C255D2}.Release|Any CPU.Build.0 = Release|Any CPU
		{99868DF6-EAD1-4723-B6F2-47E3D116FFAC}.Debug|Any CPU.ActiveCfg = Debug|Any CPU
		{99868DF6-EAD1-4723-B6F2-47E3D116FFAC}.Debug|Any CPU.Build.0 = Debug|Any CPU
		{99868DF6-EAD1-4723-B6F2-47E3D116FFAC}.Release|Any CPU.ActiveCfg = Release|Any CPU
		{99868DF6-EAD1-4723-B6F2-47E3D116FFAC}.Release|Any CPU.Build.0 = Release|Any CPU
		{84EF2C56-0546-4518-9DCE-F7BC7BBEA1CF}.Debug|Any CPU.ActiveCfg = Debug|Any CPU
		{84EF2C56-0546-4518-9DCE-F7BC7BBEA1CF}.Debug|Any CPU.Build.0 = Debug|Any CPU
		{84EF2C56-0546-4518-9DCE-F7BC7BBEA1CF}.Release|Any CPU.ActiveCfg = Release|Any CPU
		{84EF2C56-0546-4518-9DCE-F7BC7BBEA1CF}.Release|Any CPU.Build.0 = Release|Any CPU
		{CB9CDD65-7732-4D00-A839-699204ECB7E3}.Debug|Any CPU.ActiveCfg = Debug|Any CPU
		{CB9CDD65-7732-4D00-A839-699204ECB7E3}.Debug|Any CPU.Build.0 = Debug|Any CPU
		{CB9CDD65-7732-4D00-A839-699204ECB7E3}.Release|Any CPU.ActiveCfg = Release|Any CPU
		{CB9CDD65-7732-4D00-A839-699204ECB7E3}.Release|Any CPU.Build.0 = Release|Any CPU
	EndGlobalSection
	GlobalSection(SolutionProperties) = preSolution
		HideSolutionNode = FALSE
	EndGlobalSection
	GlobalSection(ExtensibilityGlobals) = postSolution
		SolutionGuid = {197D7C75-281C-4A31-9216-A007BBC27185}
	EndGlobalSection
EndGlobal
